
Microsoft Visual Studio Solution File, Format Version 12.00
# Visual Studio Version 17
VisualStudioVersion = 17.4.33213.308
MinimumVisualStudioVersion = 10.0.40219.1
Project("{9A19103F-16F7-4668-BE54-9A1E7A4F7556}") = "DataAccess", "DataAccess\DataAccess.csproj", "{6102CED4-54BD-4434-B1DF-D17FB859C30A}"
EndProject
Project("{9A19103F-16F7-4668-BE54-9A1E7A4F7556}") = "Business", "Business\Business.csproj", "{1DDB7267-93BA-4010-A2B5-F145BECB981E}"
EndProject
Project("{9A19103F-16F7-4668-BE54-9A1E7A4F7556}") = "Core", "Core\Core.csproj", "{3DC83CC8-E427-4855-B9C7-FB0981365805}"
EndProject
Project("{9A19103F-16F7-4668-BE54-9A1E7A4F7556}") = "Entities", "Entities\Entities.csproj", "{C3B4A4AF-F396-470C-9831-20413A2E6DB7}"
EndProject
Project("{9A19103F-16F7-4668-BE54-9A1E7A4F7556}") = "WebApi", "WebApi\WebApi.csproj", "{B3F6EB62-AF77-4618-975B-D74672B06596}"
EndProject
Global
	GlobalSection(SolutionConfigurationPlatforms) = preSolution
		Debug|Any CPU = Debug|Any CPU
		Release|Any CPU = Release|Any CPU
	EndGlobalSection
	GlobalSection(ProjectConfigurationPlatforms) = postSolution
		{6102CED4-54BD-4434-B1DF-D17FB859C30A}.Debug|Any CPU.ActiveCfg = Debug|Any CPU
		{6102CED4-54BD-4434-B1DF-D17FB859C30A}.Debug|Any CPU.Build.0 = Debug|Any CPU
		{6102CED4-54BD-4434-B1DF-D17FB859C30A}.Release|Any CPU.ActiveCfg = Release|Any CPU
		{6102CED4-54BD-4434-B1DF-D17FB859C30A}.Release|Any CPU.Build.0 = Release|Any CPU
		{1DDB7267-93BA-4010-A2B5-F145BECB981E}.Debug|Any CPU.ActiveCfg = Debug|Any CPU
		{1DDB7267-93BA-4010-A2B5-F145BECB981E}.Debug|Any CPU.Build.0 = Debug|Any CPU
		{1DDB7267-93BA-4010-A2B5-F145BECB981E}.Release|Any CPU.ActiveCfg = Release|Any CPU
		{1DDB7267-93BA-4010-A2B5-F145BECB981E}.Release|Any CPU.Build.0 = Release|Any CPU
		{3DC83CC8-E427-4855-B9C7-FB0981365805}.Debug|Any CPU.ActiveCfg = Debug|Any CPU
		{3DC83CC8-E427-4855-B9C7-FB0981365805}.Debug|Any CPU.Build.0 = Debug|Any CPU
		{3DC83CC8-E427-4855-B9C7-FB0981365805}.Release|Any CPU.ActiveCfg = Release|Any CPU
		{3DC83CC8-E427-4855-B9C7-FB0981365805}.Release|Any CPU.Build.0 = Release|Any CPU
		{C3B4A4AF-F396-470C-9831-20413A2E6DB7}.Debug|Any CPU.ActiveCfg = Debug|Any CPU
		{C3B4A4AF-F396-470C-9831-20413A2E6DB7}.Debug|Any CPU.Build.0 = Debug|Any CPU
		{C3B4A4AF-F396-470C-9831-20413A2E6DB7}.Release|Any CPU.ActiveCfg = Release|Any CPU
		{C3B4A4AF-F396-470C-9831-20413A2E6DB7}.Release|Any CPU.Build.0 = Release|Any CPU
		{B3F6EB62-AF77-4618-975B-D74672B06596}.Debug|Any CPU.ActiveCfg = Debug|Any CPU
		{B3F6EB62-AF77-4618-975B-D74672B06596}.Debug|Any CPU.Build.0 = Debug|Any CPU
		{B3F6EB62-AF77-4618-975B-D74672B06596}.Release|Any CPU.ActiveCfg = Release|Any CPU
		{B3F6EB62-AF77-4618-975B-D74672B06596}.Release|Any CPU.Build.0 = Release|Any CPU
	EndGlobalSection
	GlobalSection(SolutionProperties) = preSolution
		HideSolutionNode = FALSE
	EndGlobalSection
	GlobalSection(ExtensibilityGlobals) = postSolution
		SolutionGuid = {D119F77B-EBA4-46B2-B6C9-3F156E9E1460}
	EndGlobalSection
EndGlobal
